# THIS IS AN AUTOGENERATED FILE. DO NOT EDIT THIS FILE DIRECTLY.
# yarn lockfile v1


"@remix-run/router@1.6.0":
  version "1.6.0"
  resolved "https://registry.yarnpkg.com/@remix-run/router/-/router-1.6.0.tgz#45010e1826f4d81a1b2cfaf874f1aac93998cd28"
  integrity sha512-N13NRw3T2+6Xi9J//3CGLsK2OqC8NMme3d/YX+nh05K9YHWGcv8DycHJrqGScSP4T75o8IN6nqIMhVFU8ohg8w==

react-router-dom@6:
  version "6.11.0"
  resolved "https://registry.yarnpkg.com/react-router-dom/-/react-router-dom-6.11.0.tgz#e9507327dad2dfdd3c4815810dbd8de8fc2ee211"
  integrity sha512-Q3mK1c/CYoF++J6ZINz7EZzwlgSOZK/kc7lxIA7PhtWhKju4KfF1WHqlx0kVCIFJAWztuYVpXZeljEbds8z4Og==
  dependencies:
    "@remix-run/router" "1.6.0"
    react-router "6.11.0"

react-router@6.11.0:
  version "6.11.0"
  resolved "https://registry.yarnpkg.com/react-router/-/react-router-6.11.0.tgz#2e9008e40f8ce69e381373a7916ebadfbf2ff184"
  integrity sha512-hTm6KKNpj9SDG4syIWRjCU219O0RZY8RUPobCFt9p+PlF7nnkRgMoh2DieTKvw3F3Mw6zg565HGnSv8BuoY5oQ==
  dependencies:
    "@remix-run/router" "1.6.0"
